// !$*UTF8*$!
{
	archiveVersion = 1;
	classes = {
	};
	objectVersion = 50;
	objects = {

/* Begin PBXBuildFile section */
		3DD430E0269D3B5F0050D4BC /* DubDubGrubApp.swift in Sources */ = {isa = PBXBuildFile; fileRef = 3DD430DF269D3B5F0050D4BC /* DubDubGrubApp.swift */; };
		3DD430E4269D3B630050D4BC /* Assets.xcassets in Resources */ = {isa = PBXBuildFile; fileRef = 3DD430E3269D3B630050D4BC /* Assets.xcassets */; };
		3DD430E7269D3B630050D4BC /* Preview Assets.xcassets in Resources */ = {isa = PBXBuildFile; fileRef = 3DD430E6269D3B630050D4BC /* Preview Assets.xcassets */; };
		3DD430F1269D3BCC0050D4BC /* CloudKit.framework in Frameworks */ = {isa = PBXBuildFile; fileRef = 3DD430F0269D3BCC0050D4BC /* CloudKit.framework */; };
		3DD430F3269D3D760050D4BC /* Color+Ext.swift in Sources */ = {isa = PBXBuildFile; fileRef = 3DD430F2269D3D760050D4BC /* Color+Ext.swift */; };
		3DD430F5269D3DD10050D4BC /* AppTabView.swift in Sources */ = {isa = PBXBuildFile; fileRef = 3DD430F4269D3DD10050D4BC /* AppTabView.swift */; };
		3DD430F7269D3E450050D4BC /* LocationMapView.swift in Sources */ = {isa = PBXBuildFile; fileRef = 3DD430F6269D3E450050D4BC /* LocationMapView.swift */; };
		3DD430F9269D3E5F0050D4BC /* LocationListView.swift in Sources */ = {isa = PBXBuildFile; fileRef = 3DD430F8269D3E5F0050D4BC /* LocationListView.swift */; };
		3DD430FB269D3E6D0050D4BC /* ProfileView.swift in Sources */ = {isa = PBXBuildFile; fileRef = 3DD430FA269D3E6D0050D4BC /* ProfileView.swift */; };
/* End PBXBuildFile section */

/* Begin PBXFileReference section */
		3DD430DC269D3B5F0050D4BC /* DubDubGrub.app */ = {isa = PBXFileReference; explicitFileType = wrapper.application; includeInIndex = 0; path = DubDubGrub.app; sourceTree = BUILT_PRODUCTS_DIR; };
		3DD430DF269D3B5F0050D4BC /* DubDubGrubApp.swift */ = {isa = PBXFileReference; lastKnownFileType = sourcecode.swift; path = DubDubGrubApp.swift; sourceTree = "<group>"; };
		3DD430E3269D3B630050D4BC /* Assets.xcassets */ = {isa = PBXFileReference; lastKnownFileType = folder.assetcatalog; path = Assets.xcassets; sourceTree = "<group>"; };
		3DD430E6269D3B630050D4BC /* Preview Assets.xcassets */ = {isa = PBXFileReference; lastKnownFileType = folder.assetcatalog; path = "Preview Assets.xcassets"; sourceTree = "<group>"; };
		3DD430E8269D3B630050D4BC /* Info.plist */ = {isa = PBXFileReference; lastKnownFileType = text.plist.xml; path = Info.plist; sourceTree = "<group>"; };
		3DD430EE269D3BC50050D4BC /* DubDubGrub.entitlements */ = {isa = PBXFileReference; lastKnownFileType = text.plist.entitlements; path = DubDubGrub.entitlements; sourceTree = "<group>"; };
		3DD430F0269D3BCC0050D4BC /* CloudKit.framework */ = {isa = PBXFileReference; lastKnownFileType = wrapper.framework; name = CloudKit.framework; path = System/Library/Frameworks/CloudKit.framework; sourceTree = SDKROOT; };
		3DD430F2269D3D760050D4BC /* Color+Ext.swift */ = {isa = PBXFileReference; lastKnownFileType = sourcecode.swift; path = "Color+Ext.swift"; sourceTree = "<group>"; };
		3DD430F4269D3DD10050D4BC /* AppTabView.swift */ = {isa = PBXFileReference; lastKnownFileType = sourcecode.swift; path = AppTabView.swift; sourceTree = "<group>"; };
		3DD430F6269D3E450050D4BC /* LocationMapView.swift */ = {isa = PBXFileReference; lastKnownFileType = sourcecode.swift; path = LocationMapView.swift; sourceTree = "<group>"; };
		3DD430F8269D3E5F0050D4BC /* LocationListView.swift */ = {isa = PBXFileReference; lastKnownFileType = sourcecode.swift; path = LocationListView.swift; sourceTree = "<group>"; };
		3DD430FA269D3E6D0050D4BC /* ProfileView.swift */ = {isa = PBXFileReference; lastKnownFileType = sourcecode.swift; path = ProfileView.swift; sourceTree = "<group>"; };
/* End PBXFileReference section */

/* Begin PBXFrameworksBuildPhase section */
		3DD430D9269D3B5F0050D4BC /* Frameworks */ = {
			isa = PBXFrameworksBuildPhase;
			buildActionMask = 2147483647;
			files = (
				3DD430F1269D3BCC0050D4BC /* CloudKit.framework in Frameworks */,
			);
			runOnlyForDeploymentPostprocessing = 0;
		};
/* End PBXFrameworksBuildPhase section */

/* Begin PBXGroup section */
		3DD430D3269D3B5F0050D4BC = {
			isa = PBXGroup;
			children = (
				3DD430DE269D3B5F0050D4BC /* DubDubGrub */,
				3DD430DD269D3B5F0050D4BC /* Products */,
				3DD430EF269D3BCC0050D4BC /* Frameworks */,
			);
			sourceTree = "<group>";
		};
		3DD430DD269D3B5F0050D4BC /* Products */ = {
			isa = PBXGroup;
			children = (
				3DD430DC269D3B5F0050D4BC /* DubDubGrub.app */,
			);
			name = Products;
			sourceTree = "<group>";
		};
		3DD430DE269D3B5F0050D4BC /* DubDubGrub */ = {
			isa = PBXGroup;
			children = (
				3DD430EE269D3BC50050D4BC /* DubDubGrub.entitlements */,
				3DD430DF269D3B5F0050D4BC /* DubDubGrubApp.swift */,
				3DD430F4269D3DD10050D4BC /* AppTabView.swift */,
				3DD430F6269D3E450050D4BC /* LocationMapView.swift */,
				3DD430F8269D3E5F0050D4BC /* LocationListView.swift */,
				3DD430FA269D3E6D0050D4BC /* ProfileView.swift */,
				3DD430F2269D3D760050D4BC /* Color+Ext.swift */,
				3DD430E3269D3B630050D4BC /* Assets.xcassets */,
				3DD430E8269D3B630050D4BC /* Info.plist */,
				3DD430E5269D3B630050D4BC /* Preview Content */,
			);
			path = DubDubGrub;
			sourceTree = "<group>";
		};
		3DD430E5269D3B630050D4BC /* Preview Content */ = {
			isa = PBXGroup;
			children = (
				3DD430E6269D3B630050D4BC /* Preview Assets.xcassets */,
			);
			path = "Preview Content";
			sourceTree = "<group>";
		};
		3DD430EF269D3BCC0050D4BC /* Frameworks */ = {
			isa = PBXGroup;
			children = (
				3DD430F0269D3BCC0050D4BC /* CloudKit.framework */,
			);
			name = Frameworks;
			sourceTree = "<group>";
		};
/* End PBXGroup section */

/* Begin PBXNativeTarget section */
		3DD430DB269D3B5F0050D4BC /* DubDubGrub */ = {
			isa = PBXNativeTarget;
			buildConfigurationList = 3DD430EB269D3B630050D4BC /* Build configuration list for PBXNativeTarget "DubDubGrub" */;
			buildPhases = (
				3DD430D8269D3B5F0050D4BC /* Sources */,
				3DD430D9269D3B5F0050D4BC /* Frameworks */,
				3DD430DA269D3B5F0050D4BC /* Resources */,
			);
			buildRules = (
			);
			dependencies = (
			);
			name = DubDubGrub;
			productName = DubDubGrub;
			productReference = 3DD430DC269D3B5F0050D4BC /* DubDubGrub.app */;
			productType = "com.apple.product-type.application";
		};
/* End PBXNativeTarget section */

/* Begin PBXProject section */
		3DD430D4269D3B5F0050D4BC /* Project object */ = {
			isa = PBXProject;
			attributes = {
				LastSwiftUpdateCheck = 1250;
				LastUpgradeCheck = 1250;
				TargetAttributes = {
					3DD430DB269D3B5F0050D4BC = {
						CreatedOnToolsVersion = 12.5;
					};
				};
			};
			buildConfigurationList = 3DD430D7269D3B5F0050D4BC /* Build configuration list for PBXProject "DubDubGrub" */;
			compatibilityVersion = "Xcode 9.3";
			developmentRegion = en;
			hasScannedForEncodings = 0;
			knownRegions = (
				en,
				Base,
			);
			mainGroup = 3DD430D3269D3B5F0050D4BC;
			productRefGroup = 3DD430DD269D3B5F0050D4BC /* Products */;
			projectDirPath = "";
			projectRoot = "";
			targets = (
				3DD430DB269D3B5F0050D4BC /* DubDubGrub */,
			);
		};
/* End PBXProject section */

/* Begin PBXResourcesBuildPhase section */
		3DD430DA269D3B5F0050D4BC /* Resources */ = {
			isa = PBXResourcesBuildPhase;
			buildActionMask = 2147483647;
			files = (
				3DD430E7269D3B630050D4BC /* Preview Assets.xcassets in Resources */,
				3DD430E4269D3B630050D4BC /* Assets.xcassets in Resources */,
			);
			runOnlyForDeploymentPostprocessing = 0;
		};
/* End PBXResourcesBuildPhase section */

/* Begin PBXSourcesBuildPhase section */
		3DD430D8269D3B5F0050D4BC /* Sources */ = {
			isa = PBXSourcesBuildPhase;
			buildActionMask = 2147483647;
			files = (
				3DD430E0269D3B5F0050D4BC /* DubDubGrubApp.swift in Sources */,
				3DD430F7269D3E450050D4BC /* LocationMapView.swift in Sources */,
				3DD430F9269D3E5F0050D4BC /* LocationListView.swift in Sources */,
				3DD430F5269D3DD10050D4BC /* AppTabView.swift in Sources */,
				3DD430FB269D3E6D0050D4BC /* ProfileView.swift in Sources */,
				3DD430F3269D3D760050D4BC /* Color+Ext.swift in Sources */,
			);
			runOnlyForDeploymentPostprocessing = 0;
		};
/* End PBXSourcesBuildPhase section */

/* Begin XCBuildConfiguration section */
		3DD430E9269D3B630050D4BC /* Debug */ = {
			isa = XCBuildConfiguration;
			buildSettings = {
				ALWAYS_SEARCH_USER_PATHS = NO;
				CLANG_ANALYZER_NONNULL = YES;
				CLANG_ANALYZER_NUMBER_OBJECT_CONVERSION = YES_AGGRESSIVE;
				CLANG_CXX_LANGUAGE_STANDARD = "gnu++14";
				CLANG_CXX_LIBRARY = "libc++";
				CLANG_ENABLE_MODULES = YES;
				CLANG_ENABLE_OBJC_ARC = YES;
				CLANG_ENABLE_OBJC_WEAK = YES;
				CLANG_WARN_BLOCK_CAPTURE_AUTORELEASING = YES;
				CLANG_WARN_BOOL_CONVERSION = YES;
				CLANG_WARN_COMMA = YES;
				CLANG_WARN_CONSTANT_CONVERSION = YES;
				CLANG_WARN_DEPRECATED_OBJC_IMPLEMENTATIONS = YES;
				CLANG_WARN_DIRECT_OBJC_ISA_USAGE = YES_ERROR;
				CLANG_WARN_DOCUMENTATION_COMMENTS = YES;
				CLANG_WARN_EMPTY_BODY = YES;
				CLANG_WARN_ENUM_CONVERSION = YES;
				CLANG_WARN_INFINITE_RECURSION = YES;
				CLANG_WARN_INT_CONVERSION = YES;
				CLANG_WARN_NON_LITERAL_NULL_CONVERSION = YES;
				CLANG_WARN_OBJC_IMPLICIT_RETAIN_SELF = YES;
				CLANG_WARN_OBJC_LITERAL_CONVERSION = YES;
				CLANG_WARN_OBJC_ROOT_CLASS = YES_ERROR;
				CLANG_WARN_QUOTED_INCLUDE_IN_FRAMEWORK_HEADER = YES;
				CLANG_WARN_RANGE_LOOP_ANALYSIS = YES;
				CLANG_WARN_STRICT_PROTOTYPES = YES;
				CLANG_WARN_SUSPICIOUS_MOVE = YES;
				CLANG_WARN_UNGUARDED_AVAILABILITY = YES_AGGRESSIVE;
				CLANG_WARN_UNREACHABLE_CODE = YES;
				CLANG_WARN__DUPLICATE_METHOD_MATCH = YES;
				COPY_PHASE_STRIP = NO;
				DEBUG_INFORMATION_FORMAT = dwarf;
				ENABLE_STRICT_OBJC_MSGSEND = YES;
				ENABLE_TESTABILITY = YES;
				GCC_C_LANGUAGE_STANDARD = gnu11;
				GCC_DYNAMIC_NO_PIC = NO;
				GCC_NO_COMMON_BLOCKS = YES;
				GCC_OPTIMIZATION_LEVEL = 0;
				GCC_PREPROCESSOR_DEFINITIONS = (
					"DEBUG=1",
					"$(inherited)",
				);
				GCC_WARN_64_TO_32_BIT_CONVERSION = YES;
				GCC_WARN_ABOUT_RETURN_TYPE = YES_ERROR;
				GCC_WARN_UNDECLARED_SELECTOR = YES;
				GCC_WARN_UNINITIALIZED_AUTOS = YES_AGGRESSIVE;
				GCC_WARN_UNUSED_FUNCTION = YES;
				GCC_WARN_UNUSED_VARIABLE = YES;
				IPHONEOS_DEPLOYMENT_TARGET = 14.5;
				MTL_ENABLE_DEBUG_INFO = INCLUDE_SOURCE;
				MTL_FAST_MATH = YES;
				ONLY_ACTIVE_ARCH = YES;
				SDKROOT = iphoneos;
				SWIFT_ACTIVE_COMPILATION_CONDITIONS = DEBUG;
				SWIFT_OPTIMIZATION_LEVEL = "-Onone";
			};
			name = Debug;
		};
		3DD430EA269D3B630050D4BC /* Release */ = {
			isa = XCBuildConfiguration;
			buildSettings = {
				ALWAYS_SEARCH_USER_PATHS = NO;
				CLANG_ANALYZER_NONNULL = YES;
				CLANG_ANALYZER_NUMBER_OBJECT_CONVERSION = YES_AGGRESSIVE;
				CLANG_CXX_LANGUAGE_STANDARD = "gnu++14";
				CLANG_CXX_LIBRARY = "libc++";
				CLANG_ENABLE_MODULES = YES;
				CLANG_ENABLE_OBJC_ARC = YES;
				CLANG_ENABLE_OBJC_WEAK = YES;
				CLANG_WARN_BLOCK_CAPTURE_AUTORELEASING = YES;
				CLANG_WARN_BOOL_CONVERSION = YES;
				CLANG_WARN_COMMA = YES;
				CLANG_WARN_CONSTANT_CONVERSION = YES;
				CLANG_WARN_DEPRECATED_OBJC_IMPLEMENTATIONS = YES;
				CLANG_WARN_DIRECT_OBJC_ISA_USAGE = YES_ERROR;
				CLANG_WARN_DOCUMENTATION_COMMENTS = YES;
				CLANG_WARN_EMPTY_BODY = YES;
				CLANG_WARN_ENUM_CONVERSION = YES;
				CLANG_WARN_INFINITE_RECURSION = YES;
				CLANG_WARN_INT_CONVERSION = YES;
				CLANG_WARN_NON_LITERAL_NULL_CONVERSION = YES;
				CLANG_WARN_OBJC_IMPLICIT_RETAIN_SELF = YES;
				CLANG_WARN_OBJC_LITERAL_CONVERSION = YES;
				CLANG_WARN_OBJC_ROOT_CLASS = YES_ERROR;
				CLANG_WARN_QUOTED_INCLUDE_IN_FRAMEWORK_HEADER = YES;
				CLANG_WARN_RANGE_LOOP_ANALYSIS = YES;
				CLANG_WARN_STRICT_PROTOTYPES = YES;
				CLANG_WARN_SUSPICIOUS_MOVE = YES;
				CLANG_WARN_UNGUARDED_AVAILABILITY = YES_AGGRESSIVE;
				CLANG_WARN_UNREACHABLE_CODE = YES;
				CLANG_WARN__DUPLICATE_METHOD_MATCH = YES;
				COPY_PHASE_STRIP = NO;
				DEBUG_INFORMATION_FORMAT = "dwarf-with-dsym";
				ENABLE_NS_ASSERTIONS = NO;
				ENABLE_STRICT_OBJC_MSGSEND = YES;
				GCC_C_LANGUAGE_STANDARD = gnu11;
				GCC_NO_COMMON_BLOCKS = YES;
				GCC_WARN_64_TO_32_BIT_CONVERSION = YES;
				GCC_WARN_ABOUT_RETURN_TYPE = YES_ERROR;
				GCC_WARN_UNDECLARED_SELECTOR = YES;
				GCC_WARN_UNINITIALIZED_AUTOS = YES_AGGRESSIVE;
				GCC_WARN_UNUSED_FUNCTION = YES;
				GCC_WARN_UNUSED_VARIABLE = YES;
				IPHONEOS_DEPLOYMENT_TARGET = 14.5;
				MTL_ENABLE_DEBUG_INFO = NO;
				MTL_FAST_MATH = YES;
				SDKROOT = iphoneos;
				SWIFT_COMPILATION_MODE = wholemodule;
				SWIFT_OPTIMIZATION_LEVEL = "-O";
				VALIDATE_PRODUCT = YES;
			};
			name = Release;
		};
		3DD430EC269D3B630050D4BC /* Debug */ = {
			isa = XCBuildConfiguration;
			buildSettings = {
				ASSETCATALOG_COMPILER_APPICON_NAME = AppIcon;
				ASSETCATALOG_COMPILER_GLOBAL_ACCENT_COLOR_NAME = AccentColor;
				CODE_SIGN_ENTITLEMENTS = DubDubGrub/DubDubGrub.entitlements;
				CODE_SIGN_STYLE = Automatic;
				DEVELOPMENT_ASSET_PATHS = "\"DubDubGrub/Preview Content\"";
				DEVELOPMENT_TEAM = 3LN4LFZD99;
				ENABLE_PREVIEWS = YES;
				INFOPLIST_FILE = DubDubGrub/Info.plist;
				IPHONEOS_DEPLOYMENT_TARGET = 14.0;
				LD_RUNPATH_SEARCH_PATHS = (
					"$(inherited)",
					"@executable_path/Frameworks",
				);
				PRODUCT_BUNDLE_IDENTIFIER = com.ryanschefske.DubDubGrub;
				PRODUCT_NAME = "$(TARGET_NAME)";
				SWIFT_VERSION = 5.0;
				TARGETED_DEVICE_FAMILY = "1,2";
			};
			name = Debug;
		};
		3DD430ED269D3B630050D4BC /* Release */ = {
			isa = XCBuildConfiguration;
			buildSettings = {
				ASSETCATALOG_COMPILER_APPICON_NAME = AppIcon;
				ASSETCATALOG_COMPILER_GLOBAL_ACCENT_COLOR_NAME = AccentColor;
				CODE_SIGN_ENTITLEMENTS = DubDubGrub/DubDubGrub.entitlements;
				CODE_SIGN_STYLE = Automatic;
				DEVELOPMENT_ASSET_PATHS = "\"DubDubGrub/Preview Content\"";
				DEVELOPMENT_TEAM = 3LN4LFZD99;
				ENABLE_PREVIEWS = YES;
				INFOPLIST_FILE = DubDubGrub/Info.plist;
				IPHONEOS_DEPLOYMENT_TARGET = 14.0;
				LD_RUNPATH_SEARCH_PATHS = (
					"$(inherited)",
					"@executable_path/Frameworks",
				);
				PRODUCT_BUNDLE_IDENTIFIER = com.ryanschefske.DubDubGrub;
				PRODUCT_NAME = "$(TARGET_NAME)";
				SWIFT_VERSION = 5.0;
				TARGETED_DEVICE_FAMILY = "1,2";
			};
			name = Release;
		};
/* End XCBuildConfiguration section */

/* Begin XCConfigurationList section */
		3DD430D7269D3B5F0050D4BC /* Build configuration list for PBXProject "DubDubGrub" */ = {
			isa = XCConfigurationList;
			buildConfigurations = (
				3DD430E9269D3B630050D4BC /* Debug */,
				3DD430EA269D3B630050D4BC /* Release */,
			);
			defaultConfigurationIsVisible = 0;
			defaultConfigurationName = Release;
		};
		3DD430EB269D3B630050D4BC /* Build configuration list for PBXNativeTarget "DubDubGrub" */ = {
			isa = XCConfigurationList;
			buildConfigurations = (
				3DD430EC269D3B630050D4BC /* Debug */,
				3DD430ED269D3B630050D4BC /* Release */,
			);
			defaultConfigurationIsVisible = 0;
			defaultConfigurationName = Release;
		};
/* End XCConfigurationList section */
	};
	rootObject = 3DD430D4269D3B5F0050D4BC /* Project object */;
}
